
Microsoft Visual Studio Solution File, Format Version 12.00
# Visual Studio Version 16
VisualStudioVersion = 16.0.29905.134
MinimumVisualStudioVersion = 10.0.40219.1
Project("{9A19103F-16F7-4668-BE54-9A1E7A4F7556}") = "CSAppBE.Web", "CSAppBE.Web\CSAppBE.Web.csproj", "{4BA3436E-C358-4E17-8CFE-B8085F8ACB01}"
EndProject
Project("{FAE04EC0-301F-11D3-BF4B-00C04F79EFBC}") = "CSWebAfip", "CSWebAfip\CSWebAfip.csproj", "{3D2ED88E-3550-4F0F-86AF-2F0A7005F043}"
EndProject
Global
	GlobalSection(SolutionConfigurationPlatforms) = preSolution
		Debug|Any CPU = Debug|Any CPU
		Release|Any CPU = Release|Any CPU
	EndGlobalSection
	GlobalSection(ProjectConfigurationPlatforms) = postSolution
		{4BA3436E-C358-4E17-8CFE-B8085F8ACB01}.Debug|Any CPU.ActiveCfg = Debug|Any CPU
		{4BA3436E-C358-4E17-8CFE-B8085F8ACB01}.Debug|Any CPU.Build.0 = Debug|Any CPU
		{4BA3436E-C358-4E17-8CFE-B8085F8ACB01}.Release|Any CPU.ActiveCfg = Release|Any CPU
		{4BA3436E-C358-4E17-8CFE-B8085F8ACB01}.Release|Any CPU.Build.0 = Release|Any CPU
		{3D2ED88E-3550-4F0F-86AF-2F0A7005F043}.Debug|Any CPU.ActiveCfg = Debug|Any CPU
		{3D2ED88E-3550-4F0F-86AF-2F0A7005F043}.Debug|Any CPU.Build.0 = Debug|Any CPU
		{3D2ED88E-3550-4F0F-86AF-2F0A7005F043}.Release|Any CPU.ActiveCfg = Release|Any CPU
		{3D2ED88E-3550-4F0F-86AF-2F0A7005F043}.Release|Any CPU.Build.0 = Release|Any CPU
	EndGlobalSection
	GlobalSection(SolutionProperties) = preSolution
		HideSolutionNode = FALSE
	EndGlobalSection
	GlobalSection(ExtensibilityGlobals) = postSolution
		SolutionGuid = {10935689-7B64-4E24-8D45-06FAB867A074}
	EndGlobalSection
EndGlobal
